# @generated - this file is auto-generated by `mise lock` https://mise.jdx.dev/dev-tools/mise-lock.html

lockfile_version = 2

[[tools.java]]
version = "liberica-25.0.4.1+1"
backend = "core:java"
specifiers = ["liberica-25.0.4.1+1"]

[tools.java."platforms.linux-arm64"]
checksum = "sha1:bf7f3596ed67f60b55b0c7f10b99b14493c535db"
url = "https://github.com/bell-sw/Liberica/releases/download/25.0.4.1%2B1/bellsoft-jdk25.0.4.1%2B1-linux-aarch64.tar.gz"

[tools.java."platforms.linux-x64"]
checksum = "sha1:4fd81f4fb5cbf77006a3973aaf110f8d7968f8dd"
url = "https://github.com/bell-sw/Liberica/releases/download/25.0.4.1%2B1/bellsoft-jdk25.0.4.1%2B1-linux-amd64.tar.gz"

[tools.java."platforms.macos-arm64"]
checksum = "sha1:48b4888e440ee82ea6f023dde840e3dcac395609"
url = "https://github.com/bell-sw/Liberica/releases/download/25.0.4.1%2B1/bellsoft-jdk25.0.4.1%2B1-macos-aarch64.tar.gz"

[tools.java."platforms.macos-x64"]
checksum = "sha1:d727bb63bee69f1a01618b45b4a9852570829447"
url = "https://github.com/bell-sw/Liberica/releases/download/25.0.4.1%2B1/bellsoft-jdk25.0.4.1%2B1-macos-amd64.tar.gz"

[tools.java."platforms.windows-x64"]
checksum = "sha1:841be12d9058794e067d206f4cd36a4056d4ca3a"
url = "https://github.com/bell-sw/Liberica/releases/download/25.0.4.1%2B1/bellsoft-jdk25.0.4.1%2B1-windows-amd64.zip"

[[tools.maven]]
version = "3.9.16"
backend = "aqua:apache/maven"
specifiers = ["3.9.16"]

[tools.maven."platforms.linux-arm64"]
checksum = "sha512:831a8591fe20c8243b1dbe7d71e3244f31d1665b0804b2e825e38cbbe5ce0cafb8338851f90780735568773e0a6cd07bbec107cda0b896b008b861075358b6f6"
url = "https://archive.apache.org/dist/maven/maven-3/3.9.16/binaries/apache-maven-3.9.16-bin.tar.gz"

[tools.maven."platforms.linux-x64"]
checksum = "sha512:831a8591fe20c8243b1dbe7d71e3244f31d1665b0804b2e825e38cbbe5ce0cafb8338851f90780735568773e0a6cd07bbec107cda0b896b008b861075358b6f6"
url = "https://archive.apache.org/dist/maven/maven-3/3.9.16/binaries/apache-maven-3.9.16-bin.tar.gz"

[tools.maven."platforms.macos-arm64"]
checksum = "sha512:831a8591fe20c8243b1dbe7d71e3244f31d1665b0804b2e825e38cbbe5ce0cafb8338851f90780735568773e0a6cd07bbec107cda0b896b008b861075358b6f6"
url = "https://archive.apache.org/dist/maven/maven-3/3.9.16/binaries/apache-maven-3.9.16-bin.tar.gz"

[tools.maven."platforms.macos-x64"]
checksum = "sha512:831a8591fe20c8243b1dbe7d71e3244f31d1665b0804b2e825e38cbbe5ce0cafb8338851f90780735568773e0a6cd07bbec107cda0b896b008b861075358b6f6"
url = "https://archive.apache.org/dist/maven/maven-3/3.9.16/binaries/apache-maven-3.9.16-bin.tar.gz"

[tools.maven."platforms.windows-x64"]
checksum = "sha512:831a8591fe20c8243b1dbe7d71e3244f31d1665b0804b2e825e38cbbe5ce0cafb8338851f90780735568773e0a6cd07bbec107cda0b896b008b861075358b6f6"
url = "https://archive.apache.org/dist/maven/maven-3/3.9.16/binaries/apache-maven-3.9.16-bin.tar.gz"

[[tools.node]]
version = "24.21.0"
backend = "core:node"
specifiers = ["24.21.0"]

[tools.node."platforms.linux-arm64"]
checksum = "sha256:724282c3b43aec998aa9527380465b45d229e021b58035f5f4f63095eabfe5d5"
url = "https://nodejs.org/dist/v24.21.0/node-v24.21.0-linux-arm64.tar.gz"

[tools.node."platforms.linux-x64"]
checksum = "sha256:6e1db87ef58b8819e5d5402eff1536491b18edd8eb7bee5ef7897876e88dc5ff"
url = "https://nodejs.org/dist/v24.21.0/node-v24.21.0-linux-x64.tar.gz"

[tools.node."platforms.macos-arm64"]
checksum = "sha256:bed7eea5325e1108f32ce5228ddd6a5f0f08a499ee42aa7442aea583702f6057"
url = "https://nodejs.org/dist/v24.21.0/node-v24.21.0-darwin-arm64.tar.gz"

[tools.node."platforms.macos-x64"]
checksum = "sha256:1462cb3b3046b815cf8ea436d3da450ec1a9f11dac7e5a46b0ada5305d7e8097"
url = "https://nodejs.org/dist/v24.21.0/node-v24.21.0-darwin-x64.tar.gz"

[tools.node."platforms.windows-x64"]
checksum = "sha256:158f7685b44de51f6c0df1d153526cbcd3e1bc739a8dfc607721cef75de9e541"
url = "https://nodejs.org/dist/v24.21.0/node-v24.21.0-win-x64.zip"

[[tools.osv-scanner]]
version = "2.6.0"
backend = "aqua:google/osv-scanner"
specifiers = ["2.6.0"]

[tools.osv-scanner."platforms.linux-arm64"]
checksum = "sha256:2c71403eb443d05891c4f268c3ad771cf4f16e5443463fd7851ef8f454d3c7e4"
url = "https://github.com/google/osv-scanner/releases/download/v2.6.0/osv-scanner_linux_arm64"
url_api = "https://api.github.com/repos/google/osv-scanner/releases/assets/562414650"

[tools.osv-scanner."platforms.linux-arm64".provenance.slsa]
url = "https://github.com/google/osv-scanner/releases/download/v2.6.0/multiple.intoto.jsonl"

[tools.osv-scanner."platforms.linux-x64"]
checksum = "sha256:ca69b3d3cd08f889a49dc0a383122f71cc528b83803671df5fd874d97485b108"
url = "https://github.com/google/osv-scanner/releases/download/v2.6.0/osv-scanner_linux_amd64"
url_api = "https://api.github.com/repos/google/osv-scanner/releases/assets/562414718"

[tools.osv-scanner."platforms.linux-x64".provenance.slsa]
url = "https://github.com/google/osv-scanner/releases/download/v2.6.0/multiple.intoto.jsonl"

[tools.osv-scanner."platforms.macos-arm64"]
checksum = "sha256:98c460dcd37de25819babd757d04542045b6243113e209edcd4d89fedb0256b4"
url = "https://github.com/google/osv-scanner/releases/download/v2.6.0/osv-scanner_darwin_arm64"
url_api = "https://api.github.com/repos/google/osv-scanner/releases/assets/562414648"

[tools.osv-scanner."platforms.macos-arm64".provenance.slsa]
url = "https://github.com/google/osv-scanner/releases/download/v2.6.0/multiple.intoto.jsonl"

[tools.osv-scanner."platforms.macos-x64"]
checksum = "sha256:60c5296637e977b28eeda5c7f13573e447659a632922737f94d11fa7e30ad6ca"
url = "https://github.com/google/osv-scanner/releases/download/v2.6.0/osv-scanner_darwin_amd64"
url_api = "https://api.github.com/repos/google/osv-scanner/releases/assets/562414712"

[tools.osv-scanner."platforms.macos-x64".provenance.slsa]
url = "https://github.com/google/osv-scanner/releases/download/v2.6.0/multiple.intoto.jsonl"

[tools.osv-scanner."platforms.windows-x64"]
checksum = "sha256:e0ed7644118b717b028c249ee9d3515024e55e8510747ca08906eb96765354d6"
url = "https://github.com/google/osv-scanner/releases/download/v2.6.0/osv-scanner_windows_amd64.exe"
url_api = "https://api.github.com/repos/google/osv-scanner/releases/assets/562414649"

[tools.osv-scanner."platforms.windows-x64".provenance.slsa]
url = "https://github.com/google/osv-scanner/releases/download/v2.6.0/multiple.intoto.jsonl"

[[tools.vacuum]]
version = "0.30.5"
backend = "aqua:daveshanley/vacuum"
specifiers = ["0.30.5"]

[tools.vacuum."platforms.linux-arm64"]
checksum = "sha256:83dfa2cbd7170b84ec1b61e932d9c69ef06a2192647f3f6bb7cfac274220d261"
url = "https://github.com/daveshanley/vacuum/releases/download/v0.30.5/vacuum_0.30.5_linux_arm64.tar.gz"
url_api = "https://api.github.com/repos/daveshanley/vacuum/releases/assets/561600943"
provenance = "cosign"

[tools.vacuum."platforms.linux-x64"]
checksum = "sha256:42c6c3dd0e4e0bfd83bcb0acdda1bd2d6c1656888ca0e3be7e72c4900b6df020"
url = "https://github.com/daveshanley/vacuum/releases/download/v0.30.5/vacuum_0.30.5_linux_x86_64.tar.gz"
url_api = "https://api.github.com/repos/daveshanley/vacuum/releases/assets/561600913"
provenance = "cosign"

[tools.vacuum."platforms.macos-arm64"]
checksum = "sha256:789748149d6b9694a3c319bec7824a6567b709a38953c6d96ef43bf2dc1d3224"
url = "https://github.com/daveshanley/vacuum/releases/download/v0.30.5/vacuum_0.30.5_darwin_arm64.tar.gz"
url_api = "https://api.github.com/repos/daveshanley/vacuum/releases/assets/561600911"
provenance = "cosign"

[tools.vacuum."platforms.macos-x64"]
checksum = "sha256:01fa6e3a4ffa0ea0cc9ad8332b8c791a4342a3cf679d3d7602137425470172a9"
url = "https://github.com/daveshanley/vacuum/releases/download/v0.30.5/vacuum_0.30.5_darwin_x86_64.tar.gz"
url_api = "https://api.github.com/repos/daveshanley/vacuum/releases/assets/561600944"
provenance = "cosign"

[tools.vacuum."platforms.windows-x64"]
checksum = "sha256:e7f6af17cb41efe810c8624487b168d5c5a385da5b1378aec6e552661c27d009"
url = "https://github.com/daveshanley/vacuum/releases/download/v0.30.5/vacuum_0.30.5_windows_x86_64.tar.gz"
url_api = "https://api.github.com/repos/daveshanley/vacuum/releases/assets/561600910"
provenance = "cosign"
